PODS:
  - AgoraInfra_iOS (1.2.13)
  - AgoraRtcEngine_iOS (4.5.1):
    - AgoraRtcEngine_iOS/AIAEC (= 4.5.1)
    - AgoraRtcEngine_iOS/AIAECLL (= 4.5.1)
    - AgoraRtcEngine_iOS/AINS (= 4.5.1)
    - AgoraRtcEngine_iOS/AINSLL (= 4.5.1)
    - AgoraRtcEngine_iOS/AudioBeauty (= 4.5.1)
    - AgoraRtcEngine_iOS/ClearVision (= 4.5.1)
    - AgoraRtcEngine_iOS/ContentInspect (= 4.5.1)
    - AgoraRtcEngine_iOS/FaceCapture (= 4.5.1)
    - AgoraRtcEngine_iOS/FaceDetection (= 4.5.1)
    - AgoraRtcEngine_iOS/LipSync (= 4.5.1)
    - AgoraRtcEngine_iOS/ReplayKit (= 4.5.1)
    - AgoraRtcEngine_iOS/RtcBasic (= 4.5.1)
    - AgoraRtcEngine_iOS/SpatialAudio (= 4.5.1)
    - AgoraRtcEngine_iOS/VideoAv1CodecDec (= 4.5.1)
    - AgoraRtcEngine_iOS/VideoAv1CodecEnc (= 4.5.1)
    - AgoraRtcEngine_iOS/VideoCodecDec (= 4.5.1)
    - AgoraRtcEngine_iOS/VideoCodecEnc (= 4.5.1)
    - AgoraRtcEngine_iOS/VirtualBackground (= 4.5.1)
    - AgoraRtcEngine_iOS/VQA (= 4.5.1)
  - AgoraRtcEngine_iOS/AIAEC (4.5.1)
  - AgoraRtcEngine_iOS/AIAECLL (4.5.1)
  - AgoraRtcEngine_iOS/AINS (4.5.1)
  - AgoraRtcEngine_iOS/AINSLL (4.5.1)
  - AgoraRtcEngine_iOS/AudioBeauty (4.5.1)
  - AgoraRtcEngine_iOS/ClearVision (4.5.1)
  - AgoraRtcEngine_iOS/ContentInspect (4.5.1)
  - AgoraRtcEngine_iOS/FaceCapture (4.5.1)
  - AgoraRtcEngine_iOS/FaceDetection (4.5.1)
  - AgoraRtcEngine_iOS/LipSync (4.5.1)
  - AgoraRtcEngine_iOS/ReplayKit (4.5.1)
  - AgoraRtcEngine_iOS/RtcBasic (4.5.1):
    - AgoraInfra_iOS (= 1.2.13)
  - AgoraRtcEngine_iOS/SpatialAudio (4.5.1)
  - AgoraRtcEngine_iOS/VideoAv1CodecDec (4.5.1)
  - AgoraRtcEngine_iOS/VideoAv1CodecEnc (4.5.1)
  - AgoraRtcEngine_iOS/VideoCodecDec (4.5.1)
  - AgoraRtcEngine_iOS/VideoCodecEnc (4.5.1)
  - AgoraRtcEngine_iOS/VirtualBackground (4.5.1)
  - AgoraRtcEngine_iOS/VQA (4.5.1)
  - AgoraRtm (2.2.6)
  - Masonry (1.1.0)
  - SVProgressHUD (2.3.1):
    - SVProgressHUD/Core (= 2.3.1)
  - SVProgressHUD/Core (2.3.1)

DEPENDENCIES:
  - AgoraRtcEngine_iOS (= 4.5.1)
  - AgoraRtm (from `AgoraRtm.podspec`)
  - Masonry
  - SVProgressHUD

SPEC REPOS:
  trunk:
    - AgoraInfra_iOS
    - AgoraRtcEngine_iOS
    - Masonry
    - SVProgressHUD

EXTERNAL SOURCES:
  AgoraRtm:
    :path: AgoraRtm.podspec

SPEC CHECKSUMS:
  AgoraInfra_iOS: 65e11a2183ab7836258768868d06058c22701b13
  AgoraRtcEngine_iOS: 5092a058c7b2842db39d8ca614d451af6f84969a
  AgoraRtm: afc0b41aaceb65a61ed9df731c2536fbeadb5318
  Masonry: 678fab65091a9290e40e2832a55e7ab731aad201
  SVProgressHUD: 4837c74bdfe2e51e8821c397825996a8d7de6e22

PODFILE CHECKSUM: 85eb8acd1815b216761e4413716594463599f458

COCOAPODS: 1.16.2
